
Microsoft Visual Studio Solution File, Format Version 12.00
# Visual Studio 15
VisualStudioVersion = 15.0.27703.2000
MinimumVisualStudioVersion = 10.0.40219.1
Project("{FAE04EC0-301F-11D3-BF4B-00C04F79EFBC}") = "StrengthLevel", "StrengthLevel\StrengthLevel.csproj", "{91C7F185-C7DF-45B5-A338-3C6611D583F0}"
EndProject
Project("{FAE04EC0-301F-11D3-BF4B-00C04F79EFBC}") = "StrengthLevel.Tests", "StrengthLevel.Tests\StrengthLevel.Tests.csproj", "{360A2D6B-ABC2-4869-962C-A3D74D2A0E12}"
EndProject
Global
	GlobalSection(SolutionConfigurationPlatforms) = preSolution
		Debug|Any CPU = Debug|Any CPU
		Release|Any CPU = Release|Any CPU
	EndGlobalSection
	GlobalSection(ProjectConfigurationPlatforms) = postSolution
		{91C7F185-C7DF-45B5-A338-3C6611D583F0}.Debug|Any CPU.ActiveCfg = Debug|Any CPU
		{91C7F185-C7DF-45B5-A338-3C6611D583F0}.Debug|Any CPU.Build.0 = Debug|Any CPU
		{91C7F185-C7DF-45B5-A338-3C6611D583F0}.Release|Any CPU.ActiveCfg = Release|Any CPU
		{91C7F185-C7DF-45B5-A338-3C6611D583F0}.Release|Any CPU.Build.0 = Release|Any CPU
		{360A2D6B-ABC2-4869-962C-A3D74D2A0E12}.Debug|Any CPU.ActiveCfg = Debug|Any CPU
		{360A2D6B-ABC2-4869-962C-A3D74D2A0E12}.Debug|Any CPU.Build.0 = Debug|Any CPU
		{360A2D6B-ABC2-4869-962C-A3D74D2A0E12}.Release|Any CPU.ActiveCfg = Release|Any CPU
		{360A2D6B-ABC2-4869-962C-A3D74D2A0E12}.Release|Any CPU.Build.0 = Release|Any CPU
	EndGlobalSection
	GlobalSection(SolutionProperties) = preSolution
		HideSolutionNode = FALSE
	EndGlobalSection
	GlobalSection(ExtensibilityGlobals) = postSolution
		SolutionGuid = {51A046FC-E55A-4ED9-B9E9-F9C1379A7AC1}
	EndGlobalSection
EndGlobal
